
Microsoft Visual Studio Solution File, Format Version 12.00
# Visual Studio Version 16
VisualStudioVersion = 16.0.31205.134
MinimumVisualStudioVersion = 10.0.40219.1
Project("{8BC9CEB8-8B4A-11D0-8D11-00A0C91BC942}") = "SYNTHESIS OF B-CIRCUIT", "SYNTHESIS OF B-CIRCUIT.vcxproj", "{F509744A-2788-45DF-9E9C-974C2ED0F90B}"
EndProject
Global
	GlobalSection(SolutionConfigurationPlatforms) = preSolution
		Debug|x64 = Debug|x64
		Debug|x86 = Debug|x86
		Release|x64 = Release|x64
		Release|x86 = Release|x86
	EndGlobalSection
	GlobalSection(ProjectConfigurationPlatforms) = postSolution
		{F509744A-2788-45DF-9E9C-974C2ED0F90B}.Debug|x64.ActiveCfg = Debug|x64
		{F509744A-2788-45DF-9E9C-974C2ED0F90B}.Debug|x64.Build.0 = Debug|x64
		{F509744A-2788-45DF-9E9C-974C2ED0F90B}.Debug|x86.ActiveCfg = Debug|Win32
		{F509744A-2788-45DF-9E9C-974C2ED0F90B}.Debug|x86.Build.0 = Debug|Win32
		{F509744A-2788-45DF-9E9C-974C2ED0F90B}.Release|x64.ActiveCfg = Release|x64
		{F509744A-2788-45DF-9E9C-974C2ED0F90B}.Release|x64.Build.0 = Release|x64
		{F509744A-2788-45DF-9E9C-974C2ED0F90B}.Release|x86.ActiveCfg = Release|Win32
		{F509744A-2788-45DF-9E9C-974C2ED0F90B}.Release|x86.Build.0 = Release|Win32
	EndGlobalSection
	GlobalSection(SolutionProperties) = preSolution
		HideSolutionNode = FALSE
	EndGlobalSection
	GlobalSection(ExtensibilityGlobals) = postSolution
		SolutionGuid = {2EBA500E-3EF9-443E-8D12-ECE59E3720AE}
	EndGlobalSection
EndGlobal
